proto_outdir = "./temp"

[[dependencies]]
  target = "github.com/coralogix/xc-api-xdr-ingestion/"
  subgroup = ""
  revision = "d153d2a1e45bac5fe7098abda6bb7e57860009af"
  branch = "feature/xdr-ingestion"
  path = ""
  protocol = "ssh"

[[dependencies]]
  target = "github.com/googleapis/googleapis"
  subgroup = ""
  revision = "9ffb8bb216b22a8ddc539303b36c71db2c568c63"
  branch = "master"
  path = ""
  includes = ["/google/api/http.proto", "/google/api/annotations.proto"]
  protocol = ""
